
Microsoft Visual Studio Solution File, Format Version 12.00
# Visual Studio Version 17
VisualStudioVersion = 17.14.36327.8
MinimumVisualStudioVersion = 10.0.40219.1
Project("{FAE04EC0-301F-11D3-BF4B-00C04F79EFBC}") = "BulkyBookWeb", "BulkyWeb\BulkyBookWeb.csproj", "{57E8FC88-3D52-411C-B182-C9D8155A0D89}"
EndProject
Project("{FAE04EC0-301F-11D3-BF4B-00C04F79EFBC}") = "BulkyBook.DataAccess", "Bulky.DataAccess\BulkyBook.DataAccess.csproj", "{0A9DCE75-B060-45EA-B121-16D9B86CCF6E}"
EndProject
Project("{FAE04EC0-301F-11D3-BF4B-00C04F79EFBC}") = "BulkyBook.Models", "Bulky.Models\BulkyBook.Models.csproj", "{6C7300CA-3300-494E-9070-5A9E37F046AF}"
EndProject
Project("{FAE04EC0-301F-11D3-BF4B-00C04F79EFBC}") = "BulkyBook.Utility", "Bulky.Utility\BulkyBook.Utility.csproj", "{09A9B955-47A3-41D6-8C1C-DE3787592678}"
EndProject
Global
	GlobalSection(SolutionConfigurationPlatforms) = preSolution
		Debug|Any CPU = Debug|Any CPU
		Release|Any CPU = Release|Any CPU
	EndGlobalSection
	GlobalSection(ProjectConfigurationPlatforms) = postSolution
		{57E8FC88-3D52-411C-B182-C9D8155A0D89}.Debug|Any CPU.ActiveCfg = Debug|Any CPU
		{57E8FC88-3D52-411C-B182-C9D8155A0D89}.Debug|Any CPU.Build.0 = Debug|Any CPU
		{57E8FC88-3D52-411C-B182-C9D8155A0D89}.Release|Any CPU.ActiveCfg = Release|Any CPU
		{57E8FC88-3D52-411C-B182-C9D8155A0D89}.Release|Any CPU.Build.0 = Release|Any CPU
		{0A9DCE75-B060-45EA-B121-16D9B86CCF6E}.Debug|Any CPU.ActiveCfg = Debug|Any CPU
		{0A9DCE75-B060-45EA-B121-16D9B86CCF6E}.Debug|Any CPU.Build.0 = Debug|Any CPU
		{0A9DCE75-B060-45EA-B121-16D9B86CCF6E}.Release|Any CPU.ActiveCfg = Release|Any CPU
		{0A9DCE75-B060-45EA-B121-16D9B86CCF6E}.Release|Any CPU.Build.0 = Release|Any CPU
		{6C7300CA-3300-494E-9070-5A9E37F046AF}.Debug|Any CPU.ActiveCfg = Debug|Any CPU
		{6C7300CA-3300-494E-9070-5A9E37F046AF}.Debug|Any CPU.Build.0 = Debug|Any CPU
		{6C7300CA-3300-494E-9070-5A9E37F046AF}.Release|Any CPU.ActiveCfg = Release|Any CPU
		{6C7300CA-3300-494E-9070-5A9E37F046AF}.Release|Any CPU.Build.0 = Release|Any CPU
		{09A9B955-47A3-41D6-8C1C-DE3787592678}.Debug|Any CPU.ActiveCfg = Debug|Any CPU
		{09A9B955-47A3-41D6-8C1C-DE3787592678}.Debug|Any CPU.Build.0 = Debug|Any CPU
		{09A9B955-47A3-41D6-8C1C-DE3787592678}.Release|Any CPU.ActiveCfg = Release|Any CPU
		{09A9B955-47A3-41D6-8C1C-DE3787592678}.Release|Any CPU.Build.0 = Release|Any CPU
	EndGlobalSection
	GlobalSection(SolutionProperties) = preSolution
		HideSolutionNode = FALSE
	EndGlobalSection
	GlobalSection(ExtensibilityGlobals) = postSolution
		SolutionGuid = {96E68755-9C8E-4006-9965-7C8FCA8FBC92}
	EndGlobalSection
EndGlobal
